
Microsoft Visual Studio Solution File, Format Version 12.00
# Visual Studio Version 16
VisualStudioVersion = 16.0.30114.105
MinimumVisualStudioVersion = 10.0.40219.1
Project("{FAE04EC0-301F-11D3-BF4B-00C04F79EFBC}") = "MBeard.MergeFixPlugin", "MBeard.MergeFixPlugin\MBeard.MergeFixPlugin.csproj", "{595172BE-6F00-4221-A140-56B4FB553578}"
EndProject
Global
	GlobalSection(SolutionConfigurationPlatforms) = preSolution
		Debug|Any CPU = Debug|Any CPU
		Release|Any CPU = Release|Any CPU
	EndGlobalSection
	GlobalSection(ProjectConfigurationPlatforms) = postSolution
		{595172BE-6F00-4221-A140-56B4FB553578}.Debug|Any CPU.ActiveCfg = Debug|Any CPU
		{595172BE-6F00-4221-A140-56B4FB553578}.Debug|Any CPU.Build.0 = Debug|Any CPU
		{595172BE-6F00-4221-A140-56B4FB553578}.Release|Any CPU.ActiveCfg = Release|Any CPU
		{595172BE-6F00-4221-A140-56B4FB553578}.Release|Any CPU.Build.0 = Release|Any CPU
	EndGlobalSection
	GlobalSection(SolutionProperties) = preSolution
		HideSolutionNode = FALSE
	EndGlobalSection
	GlobalSection(ExtensibilityGlobals) = postSolution
		SolutionGuid = {FF034D08-D492-4033-B2D1-91B82A03A942}
	EndGlobalSection
EndGlobal
